
Microsoft Visual Studio Solution File, Format Version 12.00
# Visual Studio Version 17
VisualStudioVersion = 17.10.35013.160
MinimumVisualStudioVersion = 10.0.40219.1
Project("{FAE04EC0-301F-11D3-BF4B-00C04F79EFBC}") = "Slot Machine", "Slot Machine\Slot Machine.csproj", "{A882BD3A-4226-4A12-B2F2-93417886FF0A}"
EndProject
Project("{FAE04EC0-301F-11D3-BF4B-00C04F79EFBC}") = "SlotMachinTests", "SlotMachinTests\SlotMachinTests.csproj", "{AC1FCBBA-6BE2-4E04-B0A4-7AEF5336A3C2}"
EndProject
Global
	GlobalSection(SolutionConfigurationPlatforms) = preSolution
		Debug|Any CPU = Debug|Any CPU
		Release|Any CPU = Release|Any CPU
	EndGlobalSection
	GlobalSection(ProjectConfigurationPlatforms) = postSolution
		{A882BD3A-4226-4A12-B2F2-93417886FF0A}.Debug|Any CPU.ActiveCfg = Debug|Any CPU
		{A882BD3A-4226-4A12-B2F2-93417886FF0A}.Debug|Any CPU.Build.0 = Debug|Any CPU
		{A882BD3A-4226-4A12-B2F2-93417886FF0A}.Release|Any CPU.ActiveCfg = Release|Any CPU
		{A882BD3A-4226-4A12-B2F2-93417886FF0A}.Release|Any CPU.Build.0 = Release|Any CPU
		{AC1FCBBA-6BE2-4E04-B0A4-7AEF5336A3C2}.Debug|Any CPU.ActiveCfg = Debug|Any CPU
		{AC1FCBBA-6BE2-4E04-B0A4-7AEF5336A3C2}.Debug|Any CPU.Build.0 = Debug|Any CPU
		{AC1FCBBA-6BE2-4E04-B0A4-7AEF5336A3C2}.Release|Any CPU.ActiveCfg = Release|Any CPU
		{AC1FCBBA-6BE2-4E04-B0A4-7AEF5336A3C2}.Release|Any CPU.Build.0 = Release|Any CPU
	EndGlobalSection
	GlobalSection(SolutionProperties) = preSolution
		HideSolutionNode = FALSE
	EndGlobalSection
	GlobalSection(ExtensibilityGlobals) = postSolution
		SolutionGuid = {1EEA6F0C-5016-4248-A751-6C9959EA4E53}
	EndGlobalSection
EndGlobal
